// !$*UTF8*$!
{
	archiveVersion = 1;
	classes = {
	};
	objectVersion = 48;
	objects = {

/* Begin PBXBuildFile section */
		AB34763E1FA084780055F69F /* AppDelegate.m in Sources */ = {isa = PBXBuildFile; fileRef = AB34763D1FA084780055F69F /* AppDelegate.m */; };
		AB3476411FA084780055F69F /* ViewController.m in Sources */ = {isa = PBXBuildFile; fileRef = AB3476401FA084780055F69F /* ViewController.m */; };
		AB3476441FA084780055F69F /* Main.storyboard in Resources */ = {isa = PBXBuildFile; fileRef = AB3476421FA084780055F69F /* Main.storyboard */; };
		AB3476461FA084780055F69F /* Assets.xcassets in Resources */ = {isa = PBXBuildFile; fileRef = AB3476451FA084780055F69F /* Assets.xcassets */; };
		AB3476491FA084780055F69F /* LaunchScreen.storyboard in Resources */ = {isa = PBXBuildFile; fileRef = AB3476471FA084780055F69F /* LaunchScreen.storyboard */; };
		AB34764C1FA084780055F69F /* main.m in Sources */ = {isa = PBXBuildFile; fileRef = AB34764B1FA084780055F69F /* main.m */; };
		AB3476531FA085ED0055F69F /* Hello.java in Sources */ = {isa = PBXBuildFile; fileRef = AB3476521FA085ED0055F69F /* Hello.java */; };
		AB3476571FA091310055F69F /* Security.framework in Frameworks */ = {isa = PBXBuildFile; fileRef = AB3476561FA091310055F69F /* Security.framework */; };
		AB3476591FA093600055F69F /* libiconv.tbd in Frameworks */ = {isa = PBXBuildFile; fileRef = AB3476581FA0935F0055F69F /* libiconv.tbd */; };
/* End PBXBuildFile section */

/* Begin PBXBuildRule section */
		AB3476541FA08FD20055F69F /* PBXBuildRule */ = {
			isa = PBXBuildRule;
			compilerSpec = com.apple.compilers.proxy.script;
			fileType = sourcecode.java;
			isEditable = 1;
			outputFiles = (
				"${DERIVED_FILES_DIR}/${INPUT_FILE_BASE}.h",
				"${DERIVED_FILES_DIR}/${INPUT_FILE_BASE}.m",
			);
			script = "if [ ! -f \"${J2OBJC_HOME}/j2objc\" ]; then echo \"J2OBJC_HOME is not correctly defined, currently set to '${J2OBJC_HOME}'\"; exit 1; fi;\n\"${J2OBJC_HOME}/j2objc\" -d ${DERIVED_FILES_DIR} -sourcepath \"${PROJECT_DIR}/HelloJavaBridge/\" --no-package-directories -g ${INPUT_FILE_PATH};";
		};
/* End PBXBuildRule section */

/* Begin PBXFileReference section */
		AB3476391FA084780055F69F /* HelloJavaBridge.app */ = {isa = PBXFileReference; explicitFileType = wrapper.application; includeInIndex = 0; path = HelloJavaBridge.app; sourceTree = BUILT_PRODUCTS_DIR; };
		AB34763C1FA084780055F69F /* AppDelegate.h */ = {isa = PBXFileReference; lastKnownFileType = sourcecode.c.h; path = AppDelegate.h; sourceTree = "<group>"; };
		AB34763D1FA084780055F69F /* AppDelegate.m */ = {isa = PBXFileReference; lastKnownFileType = sourcecode.c.objc; path = AppDelegate.m; sourceTree = "<group>"; };
		AB34763F1FA084780055F69F /* ViewController.h */ = {isa = PBXFileReference; lastKnownFileType = sourcecode.c.h; path = ViewController.h; sourceTree = "<group>"; };
		AB3476401FA084780055F69F /* ViewController.m */ = {isa = PBXFileReference; lastKnownFileType = sourcecode.c.objc; path = ViewController.m; sourceTree = "<group>"; };
		AB3476431FA084780055F69F /* Base */ = {isa = PBXFileReference; lastKnownFileType = file.storyboard; name = Base; path = Base.lproj/Main.storyboard; sourceTree = "<group>"; };
		AB3476451FA084780055F69F /* Assets.xcassets */ = {isa = PBXFileReference; lastKnownFileType = folder.assetcatalog; path = Assets.xcassets; sourceTree = "<group>"; };
		AB3476481FA084780055F69F /* Base */ = {isa = PBXFileReference; lastKnownFileType = file.storyboard; name = Base; path = Base.lproj/LaunchScreen.storyboard; sourceTree = "<group>"; };
		AB34764A1FA084780055F69F /* Info.plist */ = {isa = PBXFileReference; lastKnownFileType = text.plist.xml; path = Info.plist; sourceTree = "<group>"; };
		AB34764B1FA084780055F69F /* main.m */ = {isa = PBXFileReference; lastKnownFileType = sourcecode.c.objc; path = main.m; sourceTree = "<group>"; };
		AB3476521FA085ED0055F69F /* Hello.java */ = {isa = PBXFileReference; lastKnownFileType = sourcecode.java; path = Hello.java; sourceTree = "<group>"; };
		AB3476561FA091310055F69F /* Security.framework */ = {isa = PBXFileReference; lastKnownFileType = wrapper.framework; name = Security.framework; path = System/Library/Frameworks/Security.framework; sourceTree = SDKROOT; };
		AB3476581FA0935F0055F69F /* libiconv.tbd */ = {isa = PBXFileReference; lastKnownFileType = "sourcecode.text-based-dylib-definition"; name = libiconv.tbd; path = usr/lib/libiconv.tbd; sourceTree = SDKROOT; };
/* End PBXFileReference section */

/* Begin PBXFrameworksBuildPhase section */
		AB3476361FA084780055F69F /* Frameworks */ = {
			isa = PBXFrameworksBuildPhase;
			buildActionMask = 2147483647;
			files = (
				AB3476591FA093600055F69F /* libiconv.tbd in Frameworks */,
				AB3476571FA091310055F69F /* Security.framework in Frameworks */,
			);
			runOnlyForDeploymentPostprocessing = 0;
		};
/* End PBXFrameworksBuildPhase section */

/* Begin PBXGroup section */
		AB3476301FA084780055F69F = {
			isa = PBXGroup;
			children = (
				AB34763B1FA084780055F69F /* HelloJavaBridge */,
				AB34763A1FA084780055F69F /* Products */,
				AB3476551FA091310055F69F /* Frameworks */,
			);
			sourceTree = "<group>";
		};
		AB34763A1FA084780055F69F /* Products */ = {
			isa = PBXGroup;
			children = (
				AB3476391FA084780055F69F /* HelloJavaBridge.app */,
			);
			name = Products;
			sourceTree = "<group>";
		};
		AB34763B1FA084780055F69F /* HelloJavaBridge */ = {
			isa = PBXGroup;
			children = (
				AB34763C1FA084780055F69F /* AppDelegate.h */,
				AB34763D1FA084780055F69F /* AppDelegate.m */,
				AB34763F1FA084780055F69F /* ViewController.h */,
				AB3476401FA084780055F69F /* ViewController.m */,
				AB3476421FA084780055F69F /* Main.storyboard */,
				AB3476451FA084780055F69F /* Assets.xcassets */,
				AB3476471FA084780055F69F /* LaunchScreen.storyboard */,
				AB34764A1FA084780055F69F /* Info.plist */,
				AB34764B1FA084780055F69F /* main.m */,
				AB3476521FA085ED0055F69F /* Hello.java */,
			);
			path = HelloJavaBridge;
			sourceTree = "<group>";
		};
		AB3476551FA091310055F69F /* Frameworks */ = {
			isa = PBXGroup;
			children = (
				AB3476581FA0935F0055F69F /* libiconv.tbd */,
				AB3476561FA091310055F69F /* Security.framework */,
			);
			name = Frameworks;
			sourceTree = "<group>";
		};
/* End PBXGroup section */

/* Begin PBXNativeTarget section */
		AB3476381FA084780055F69F /* HelloJavaBridge */ = {
			isa = PBXNativeTarget;
			buildConfigurationList = AB34764F1FA084780055F69F /* Build configuration list for PBXNativeTarget "HelloJavaBridge" */;
			buildPhases = (
				AB3476351FA084780055F69F /* Sources */,
				AB3476361FA084780055F69F /* Frameworks */,
				AB3476371FA084780055F69F /* Resources */,
			);
			buildRules = (
				AB3476541FA08FD20055F69F /* PBXBuildRule */,
			);
			dependencies = (
			);
			name = HelloJavaBridge;
			productName = HelloBridge;
			productReference = AB3476391FA084780055F69F /* HelloJavaBridge.app */;
			productType = "com.apple.product-type.application";
		};
/* End PBXNativeTarget section */

/* Begin PBXProject section */
		AB3476311FA084780055F69F /* Project object */ = {
			isa = PBXProject;
			attributes = {
				LastUpgradeCheck = 0900;
				ORGANIZATIONNAME = "Varun Naharia";
				TargetAttributes = {
					AB3476381FA084780055F69F = {
						CreatedOnToolsVersion = 9.0;
						ProvisioningStyle = Automatic;
					};
				};
			};
			buildConfigurationList = AB3476341FA084780055F69F /* Build configuration list for PBXProject "HelloJavaBridge" */;
			compatibilityVersion = "Xcode 8.0";
			developmentRegion = en;
			hasScannedForEncodings = 0;
			knownRegions = (
				en,
				Base,
			);
			mainGroup = AB3476301FA084780055F69F;
			productRefGroup = AB34763A1FA084780055F69F /* Products */;
			projectDirPath = "";
			projectRoot = "";
			targets = (
				AB3476381FA084780055F69F /* HelloJavaBridge */,
			);
		};
/* End PBXProject section */

/* Begin PBXResourcesBuildPhase section */
		AB3476371FA084780055F69F /* Resources */ = {
			isa = PBXResourcesBuildPhase;
			buildActionMask = 2147483647;
			files = (
				AB3476491FA084780055F69F /* LaunchScreen.storyboard in Resources */,
				AB3476461FA084780055F69F /* Assets.xcassets in Resources */,
				AB3476441FA084780055F69F /* Main.storyboard in Resources */,
			);
			runOnlyForDeploymentPostprocessing = 0;
		};
/* End PBXResourcesBuildPhase section */

/* Begin PBXSourcesBuildPhase section */
		AB3476351FA084780055F69F /* Sources */ = {
			isa = PBXSourcesBuildPhase;
			buildActionMask = 2147483647;
			files = (
				AB3476411FA084780055F69F /* ViewController.m in Sources */,
				AB34764C1FA084780055F69F /* main.m in Sources */,
				AB3476531FA085ED0055F69F /* Hello.java in Sources */,
				AB34763E1FA084780055F69F /* AppDelegate.m in Sources */,
			);
			runOnlyForDeploymentPostprocessing = 0;
		};
/* End PBXSourcesBuildPhase section */

/* Begin PBXVariantGroup section */
		AB3476421FA084780055F69F /* Main.storyboard */ = {
			isa = PBXVariantGroup;
			children = (
				AB3476431FA084780055F69F /* Base */,
			);
			name = Main.storyboard;
			sourceTree = "<group>";
		};
		AB3476471FA084780055F69F /* LaunchScreen.storyboard */ = {
			isa = PBXVariantGroup;
			children = (
				AB3476481FA084780055F69F /* Base */,
			);
			name = LaunchScreen.storyboard;
			sourceTree = "<group>";
		};
/* End PBXVariantGroup section */

/* Begin XCBuildConfiguration section */
		AB34764D1FA084780055F69F /* Debug */ = {
			isa = XCBuildConfiguration;
			buildSettings = {
				ALWAYS_SEARCH_USER_PATHS = NO;
				CLANG_ANALYZER_NONNULL = YES;
				CLANG_ANALYZER_NUMBER_OBJECT_CONVERSION = YES_AGGRESSIVE;
				CLANG_CXX_LANGUAGE_STANDARD = "gnu++14";
				CLANG_CXX_LIBRARY = "libc++";
				CLANG_ENABLE_MODULES = YES;
				CLANG_ENABLE_OBJC_ARC = YES;
				CLANG_WARN_BLOCK_CAPTURE_AUTORELEASING = YES;
				CLANG_WARN_BOOL_CONVERSION = YES;
				CLANG_WARN_COMMA = YES;
				CLANG_WARN_CONSTANT_CONVERSION = YES;
				CLANG_WARN_DIRECT_OBJC_ISA_USAGE = YES_ERROR;
				CLANG_WARN_DOCUMENTATION_COMMENTS = YES;
				CLANG_WARN_EMPTY_BODY = YES;
				CLANG_WARN_ENUM_CONVERSION = YES;
				CLANG_WARN_INFINITE_RECURSION = YES;
				CLANG_WARN_INT_CONVERSION = YES;
				CLANG_WARN_NON_LITERAL_NULL_CONVERSION = YES;
				CLANG_WARN_OBJC_LITERAL_CONVERSION = YES;
				CLANG_WARN_OBJC_ROOT_CLASS = YES_ERROR;
				CLANG_WARN_RANGE_LOOP_ANALYSIS = YES;
				CLANG_WARN_STRICT_PROTOTYPES = YES;
				CLANG_WARN_SUSPICIOUS_MOVE = YES;
				CLANG_WARN_UNGUARDED_AVAILABILITY = YES_AGGRESSIVE;
				CLANG_WARN_UNREACHABLE_CODE = YES;
				CLANG_WARN__DUPLICATE_METHOD_MATCH = YES;
				CODE_SIGN_IDENTITY = "iPhone Developer";
				COPY_PHASE_STRIP = NO;
				DEBUG_INFORMATION_FORMAT = dwarf;
				ENABLE_STRICT_OBJC_MSGSEND = YES;
				ENABLE_TESTABILITY = YES;
				GCC_C_LANGUAGE_STANDARD = gnu11;
				GCC_DYNAMIC_NO_PIC = NO;
				GCC_NO_COMMON_BLOCKS = YES;
				GCC_OPTIMIZATION_LEVEL = 0;
				GCC_PREPROCESSOR_DEFINITIONS = (
					"DEBUG=1",
					"$(inherited)",
				);
				GCC_WARN_64_TO_32_BIT_CONVERSION = YES;
				GCC_WARN_ABOUT_RETURN_TYPE = YES_ERROR;
				GCC_WARN_UNDECLARED_SELECTOR = YES;
				GCC_WARN_UNINITIALIZED_AUTOS = YES_AGGRESSIVE;
				GCC_WARN_UNUSED_FUNCTION = YES;
				GCC_WARN_UNUSED_VARIABLE = YES;
				IPHONEOS_DEPLOYMENT_TARGET = 11.0;
				MTL_ENABLE_DEBUG_INFO = YES;
				ONLY_ACTIVE_ARCH = YES;
				SDKROOT = iphoneos;
			};
			name = Debug;
		};
		AB34764E1FA084780055F69F /* Release */ = {
			isa = XCBuildConfiguration;
			buildSettings = {
				ALWAYS_SEARCH_USER_PATHS = NO;
				CLANG_ANALYZER_NONNULL = YES;
				CLANG_ANALYZER_NUMBER_OBJECT_CONVERSION = YES_AGGRESSIVE;
				CLANG_CXX_LANGUAGE_STANDARD = "gnu++14";
				CLANG_CXX_LIBRARY = "libc++";
				CLANG_ENABLE_MODULES = YES;
				CLANG_ENABLE_OBJC_ARC = YES;
				CLANG_WARN_BLOCK_CAPTURE_AUTORELEASING = YES;
				CLANG_WARN_BOOL_CONVERSION = YES;
				CLANG_WARN_COMMA = YES;
				CLANG_WARN_CONSTANT_CONVERSION = YES;
				CLANG_WARN_DIRECT_OBJC_ISA_USAGE = YES_ERROR;
				CLANG_WARN_DOCUMENTATION_COMMENTS = YES;
				CLANG_WARN_EMPTY_BODY = YES;
				CLANG_WARN_ENUM_CONVERSION = YES;
				CLANG_WARN_INFINITE_RECURSION = YES;
				CLANG_WARN_INT_CONVERSION = YES;
				CLANG_WARN_NON_LITERAL_NULL_CONVERSION = YES;
				CLANG_WARN_OBJC_LITERAL_CONVERSION = YES;
				CLANG_WARN_OBJC_ROOT_CLASS = YES_ERROR;
				CLANG_WARN_RANGE_LOOP_ANALYSIS = YES;
				CLANG_WARN_STRICT_PROTOTYPES = YES;
				CLANG_WARN_SUSPICIOUS_MOVE = YES;
				CLANG_WARN_UNGUARDED_AVAILABILITY = YES_AGGRESSIVE;
				CLANG_WARN_UNREACHABLE_CODE = YES;
				CLANG_WARN__DUPLICATE_METHOD_MATCH = YES;
				CODE_SIGN_IDENTITY = "iPhone Developer";
				COPY_PHASE_STRIP = NO;
				DEBUG_INFORMATION_FORMAT = "dwarf-with-dsym";
				ENABLE_NS_ASSERTIONS = NO;
				ENABLE_STRICT_OBJC_MSGSEND = YES;
				GCC_C_LANGUAGE_STANDARD = gnu11;
				GCC_NO_COMMON_BLOCKS = YES;
				GCC_WARN_64_TO_32_BIT_CONVERSION = YES;
				GCC_WARN_ABOUT_RETURN_TYPE = YES_ERROR;
				GCC_WARN_UNDECLARED_SELECTOR = YES;
				GCC_WARN_UNINITIALIZED_AUTOS = YES_AGGRESSIVE;
				GCC_WARN_UNUSED_FUNCTION = YES;
				GCC_WARN_UNUSED_VARIABLE = YES;
				IPHONEOS_DEPLOYMENT_TARGET = 11.0;
				MTL_ENABLE_DEBUG_INFO = NO;
				SDKROOT = iphoneos;
				VALIDATE_PRODUCT = YES;
			};
			name = Release;
		};
		AB3476501FA084780055F69F /* Debug */ = {
			isa = XCBuildConfiguration;
			buildSettings = {
				ASSETCATALOG_COMPILER_APPICON_NAME = AppIcon;
				CODE_SIGN_STYLE = Automatic;
				DEVELOPMENT_TEAM = 2658J76W2S;
				FRAMEWORK_SEARCH_PATHS = "${J2OBJC_HOME}/frameworks";
				HEADER_SEARCH_PATHS = "${J2OBJC_HOME}/include";
				INFOPLIST_FILE = "$(SRCROOT)/HelloJavaBridge/Info.plist";
				IPHONEOS_DEPLOYMENT_TARGET = 10.3;
				J2OBJC_HOME = "../../j2objc-2.0.5";
				LD_RUNPATH_SEARCH_PATHS = "$(inherited) @executable_path/Frameworks";
				LIBRARY_SEARCH_PATHS = "${J2OBJC_HOME}/lib";
				OTHER_LDFLAGS = (
					"-ljre_emul",
					"-ljre_zip",
				);
				PRODUCT_BUNDLE_IDENTIFIER = com.HelloBridge;
				PRODUCT_NAME = "$(TARGET_NAME)";
				TARGETED_DEVICE_FAMILY = "1,2";
			};
			name = Debug;
		};
		AB3476511FA084780055F69F /* Release */ = {
			isa = XCBuildConfiguration;
			buildSettings = {
				ASSETCATALOG_COMPILER_APPICON_NAME = AppIcon;
				CODE_SIGN_STYLE = Automatic;
				DEVELOPMENT_TEAM = 2658J76W2S;
				FRAMEWORK_SEARCH_PATHS = "${J2OBJC_HOME}/frameworks";
				HEADER_SEARCH_PATHS = "${J2OBJC_HOME}/include";
				INFOPLIST_FILE = "$(SRCROOT)/HelloJavaBridge/Info.plist";
				IPHONEOS_DEPLOYMENT_TARGET = 10.3;
				J2OBJC_HOME = "../../j2objc-2.0.5";
				LD_RUNPATH_SEARCH_PATHS = "$(inherited) @executable_path/Frameworks";
				LIBRARY_SEARCH_PATHS = "${J2OBJC_HOME}/lib";
				OTHER_LDFLAGS = (
					"-ljre_emul",
					"-ljre_zip",
				);
				PRODUCT_BUNDLE_IDENTIFIER = com.HelloBridge;
				PRODUCT_NAME = "$(TARGET_NAME)";
				TARGETED_DEVICE_FAMILY = "1,2";
			};
			name = Release;
		};
/* End XCBuildConfiguration section */

/* Begin XCConfigurationList section */
		AB3476341FA084780055F69F /* Build configuration list for PBXProject "HelloJavaBridge" */ = {
			isa = XCConfigurationList;
			buildConfigurations = (
				AB34764D1FA084780055F69F /* Debug */,
				AB34764E1FA084780055F69F /* Release */,
			);
			defaultConfigurationIsVisible = 0;
			defaultConfigurationName = Release;
		};
		AB34764F1FA084780055F69F /* Build configuration list for PBXNativeTarget "HelloJavaBridge" */ = {
			isa = XCConfigurationList;
			buildConfigurations = (
				AB3476501FA084780055F69F /* Debug */,
				AB3476511FA084780055F69F /* Release */,
			);
			defaultConfigurationIsVisible = 0;
			defaultConfigurationName = Release;
		};
/* End XCConfigurationList section */
	};
	rootObject = AB3476311FA084780055F69F /* Project object */;
}
